// !$*UTF8*$!
{
	archiveVersion = 1;
	classes = {
	};
	objectVersion = 55;
	objects = {

/* Begin PBXBuildFile section */
		90E89BCC283C681A00BD2505 /* FyloLandingPageWithTwoColumnLayoutApp.swift in Sources */ = {isa = PBXBuildFile; fileRef = 90E89BBC283C681800BD2505 /* FyloLandingPageWithTwoColumnLayoutApp.swift */; };
		90E89BCD283C681A00BD2505 /* FyloLandingPageWithTwoColumnLayoutApp.swift in Sources */ = {isa = PBXBuildFile; fileRef = 90E89BBC283C681800BD2505 /* FyloLandingPageWithTwoColumnLayoutApp.swift */; };
		90E89BCE283C681A00BD2505 /* ContentView.swift in Sources */ = {isa = PBXBuildFile; fileRef = 90E89BBD283C681800BD2505 /* ContentView.swift */; };
		90E89BCF283C681A00BD2505 /* ContentView.swift in Sources */ = {isa = PBXBuildFile; fileRef = 90E89BBD283C681800BD2505 /* ContentView.swift */; };
		90E89BD0283C681A00BD2505 /* Assets.xcassets in Resources */ = {isa = PBXBuildFile; fileRef = 90E89BBE283C681A00BD2505 /* Assets.xcassets */; };
		90E89BD1283C681A00BD2505 /* Assets.xcassets in Resources */ = {isa = PBXBuildFile; fileRef = 90E89BBE283C681A00BD2505 /* Assets.xcassets */; };
		90E89BDE283C6B8200BD2505 /* TopNavigationView.swift in Sources */ = {isa = PBXBuildFile; fileRef = 90E89BDD283C6B8200BD2505 /* TopNavigationView.swift */; };
		90E89BE0283C6BEB00BD2505 /* NavigationMenuView.swift in Sources */ = {isa = PBXBuildFile; fileRef = 90E89BDF283C6BEB00BD2505 /* NavigationMenuView.swift */; };
		90E89BE2283C6C0900BD2505 /* MenuItem.swift in Sources */ = {isa = PBXBuildFile; fileRef = 90E89BE1283C6C0900BD2505 /* MenuItem.swift */; };
		90E89BE4283C6C8D00BD2505 /* MenuItemStorage.swift in Sources */ = {isa = PBXBuildFile; fileRef = 90E89BE3283C6C8D00BD2505 /* MenuItemStorage.swift */; };
		90E89BE6283C6D5A00BD2505 /* NavigationMenuItemView.swift in Sources */ = {isa = PBXBuildFile; fileRef = 90E89BE5283C6D5A00BD2505 /* NavigationMenuItemView.swift */; };
		90E89BE8283C6EA500BD2505 /* HeroIllustrationView.swift in Sources */ = {isa = PBXBuildFile; fileRef = 90E89BE7283C6EA500BD2505 /* HeroIllustrationView.swift */; };
		90E89BEA283C6F1F00BD2505 /* HeroTitleView.swift in Sources */ = {isa = PBXBuildFile; fileRef = 90E89BE9283C6F1F00BD2505 /* HeroTitleView.swift */; };
		90E89BEC283C6FDF00BD2505 /* HeroFormView.swift in Sources */ = {isa = PBXBuildFile; fileRef = 90E89BEB283C6FDF00BD2505 /* HeroFormView.swift */; };
		90E89BEF283C70C600BD2505 /* CustomTextFieldStyle.swift in Sources */ = {isa = PBXBuildFile; fileRef = 90E89BEE283C70C600BD2505 /* CustomTextFieldStyle.swift */; };
		90E89BF1283C735900BD2505 /* FeatureIllustrationView.swift in Sources */ = {isa = PBXBuildFile; fileRef = 90E89BF0283C735900BD2505 /* FeatureIllustrationView.swift */; };
		90E89BF3283C73F000BD2505 /* FeatureTitleView.swift in Sources */ = {isa = PBXBuildFile; fileRef = 90E89BF2283C73F000BD2505 /* FeatureTitleView.swift */; };
		90E89BF5283C7E4D00BD2505 /* FeatureLinkView.swift in Sources */ = {isa = PBXBuildFile; fileRef = 90E89BF4283C7E4D00BD2505 /* FeatureLinkView.swift */; };
/* End PBXBuildFile section */

/* Begin PBXFileReference section */
		90E89BBC283C681800BD2505 /* FyloLandingPageWithTwoColumnLayoutApp.swift */ = {isa = PBXFileReference; lastKnownFileType = sourcecode.swift; path = FyloLandingPageWithTwoColumnLayoutApp.swift; sourceTree = "<group>"; };
		90E89BBD283C681800BD2505 /* ContentView.swift */ = {isa = PBXFileReference; lastKnownFileType = sourcecode.swift; path = ContentView.swift; sourceTree = "<group>"; };
		90E89BBE283C681A00BD2505 /* Assets.xcassets */ = {isa = PBXFileReference; lastKnownFileType = folder.assetcatalog; path = Assets.xcassets; sourceTree = "<group>"; };
		90E89BC3283C681A00BD2505 /* Fylo Landing Page With Two Column Layout.app */ = {isa = PBXFileReference; explicitFileType = wrapper.application; includeInIndex = 0; path = "Fylo Landing Page With Two Column Layout.app"; sourceTree = BUILT_PRODUCTS_DIR; };
		90E89BC9283C681A00BD2505 /* Fylo Landing Page With Two Column Layout.app */ = {isa = PBXFileReference; explicitFileType = wrapper.application; includeInIndex = 0; path = "Fylo Landing Page With Two Column Layout.app"; sourceTree = BUILT_PRODUCTS_DIR; };
		90E89BCB283C681A00BD2505 /* macOS.entitlements */ = {isa = PBXFileReference; lastKnownFileType = text.plist.entitlements; path = macOS.entitlements; sourceTree = "<group>"; };
		90E89BDD283C6B8200BD2505 /* TopNavigationView.swift */ = {isa = PBXFileReference; lastKnownFileType = sourcecode.swift; path = TopNavigationView.swift; sourceTree = "<group>"; };
		90E89BDF283C6BEB00BD2505 /* NavigationMenuView.swift */ = {isa = PBXFileReference; lastKnownFileType = sourcecode.swift; path = NavigationMenuView.swift; sourceTree = "<group>"; };
		90E89BE1283C6C0900BD2505 /* MenuItem.swift */ = {isa = PBXFileReference; lastKnownFileType = sourcecode.swift; path = MenuItem.swift; sourceTree = "<group>"; };
		90E89BE3283C6C8D00BD2505 /* MenuItemStorage.swift */ = {isa = PBXFileReference; lastKnownFileType = sourcecode.swift; path = MenuItemStorage.swift; sourceTree = "<group>"; };
		90E89BE5283C6D5A00BD2505 /* NavigationMenuItemView.swift */ = {isa = PBXFileReference; lastKnownFileType = sourcecode.swift; path = NavigationMenuItemView.swift; sourceTree = "<group>"; };
		90E89BE7283C6EA500BD2505 /* HeroIllustrationView.swift */ = {isa = PBXFileReference; lastKnownFileType = sourcecode.swift; path = HeroIllustrationView.swift; sourceTree = "<group>"; };
		90E89BE9283C6F1F00BD2505 /* HeroTitleView.swift */ = {isa = PBXFileReference; lastKnownFileType = sourcecode.swift; path = HeroTitleView.swift; sourceTree = "<group>"; };
		90E89BEB283C6FDF00BD2505 /* HeroFormView.swift */ = {isa = PBXFileReference; lastKnownFileType = sourcecode.swift; path = HeroFormView.swift; sourceTree = "<group>"; };
		90E89BEE283C70C600BD2505 /* CustomTextFieldStyle.swift */ = {isa = PBXFileReference; lastKnownFileType = sourcecode.swift; path = CustomTextFieldStyle.swift; sourceTree = "<group>"; };
		90E89BF0283C735900BD2505 /* FeatureIllustrationView.swift */ = {isa = PBXFileReference; lastKnownFileType = sourcecode.swift; path = FeatureIllustrationView.swift; sourceTree = "<group>"; };
		90E89BF2283C73F000BD2505 /* FeatureTitleView.swift */ = {isa = PBXFileReference; lastKnownFileType = sourcecode.swift; path = FeatureTitleView.swift; sourceTree = "<group>"; };
		90E89BF4283C7E4D00BD2505 /* FeatureLinkView.swift */ = {isa = PBXFileReference; lastKnownFileType = sourcecode.swift; path = FeatureLinkView.swift; sourceTree = "<group>"; };
/* End PBXFileReference section */

/* Begin PBXFrameworksBuildPhase section */
		90E89BC0283C681A00BD2505 /* Frameworks */ = {
			isa = PBXFrameworksBuildPhase;
			buildActionMask = 2147483647;
			files = (
			);
			runOnlyForDeploymentPostprocessing = 0;
		};
		90E89BC6283C681A00BD2505 /* Frameworks */ = {
			isa = PBXFrameworksBuildPhase;
			buildActionMask = 2147483647;
			files = (
			);
			runOnlyForDeploymentPostprocessing = 0;
		};
/* End PBXFrameworksBuildPhase section */

/* Begin PBXGroup section */
		90E89BB6283C681800BD2505 = {
			isa = PBXGroup;
			children = (
				90E89BBB283C681800BD2505 /* Shared */,
				90E89BCA283C681A00BD2505 /* macOS */,
				90E89BC4283C681A00BD2505 /* Products */,
			);
			sourceTree = "<group>";
		};
		90E89BBB283C681800BD2505 /* Shared */ = {
			isa = PBXGroup;
			children = (
				90E89BED283C70B500BD2505 /* Utilities */,
				90E89BDC283C683F00BD2505 /* Models */,
				90E89BDB283C683A00BD2505 /* Views */,
				90E89BDA283C683100BD2505 /* App */,
			);
			path = Shared;
			sourceTree = "<group>";
		};
		90E89BC4283C681A00BD2505 /* Products */ = {
			isa = PBXGroup;
			children = (
				90E89BC3283C681A00BD2505 /* Fylo Landing Page With Two Column Layout.app */,
				90E89BC9283C681A00BD2505 /* Fylo Landing Page With Two Column Layout.app */,
			);
			name = Products;
			sourceTree = "<group>";
		};
		90E89BCA283C681A00BD2505 /* macOS */ = {
			isa = PBXGroup;
			children = (
				90E89BCB283C681A00BD2505 /* macOS.entitlements */,
			);
			path = macOS;
			sourceTree = "<group>";
		};
		90E89BDA283C683100BD2505 /* App */ = {
			isa = PBXGroup;
			children = (
				90E89BBC283C681800BD2505 /* FyloLandingPageWithTwoColumnLayoutApp.swift */,
				90E89BBE283C681A00BD2505 /* Assets.xcassets */,
			);
			path = App;
			sourceTree = "<group>";
		};
		90E89BDB283C683A00BD2505 /* Views */ = {
			isa = PBXGroup;
			children = (
				90E89BBD283C681800BD2505 /* ContentView.swift */,
				90E89BDD283C6B8200BD2505 /* TopNavigationView.swift */,
				90E89BDF283C6BEB00BD2505 /* NavigationMenuView.swift */,
				90E89BE5283C6D5A00BD2505 /* NavigationMenuItemView.swift */,
				90E89BE7283C6EA500BD2505 /* HeroIllustrationView.swift */,
				90E89BE9283C6F1F00BD2505 /* HeroTitleView.swift */,
				90E89BEB283C6FDF00BD2505 /* HeroFormView.swift */,
				90E89BF0283C735900BD2505 /* FeatureIllustrationView.swift */,
				90E89BF2283C73F000BD2505 /* FeatureTitleView.swift */,
				90E89BF4283C7E4D00BD2505 /* FeatureLinkView.swift */,
			);
			path = Views;
			sourceTree = "<group>";
		};
		90E89BDC283C683F00BD2505 /* Models */ = {
			isa = PBXGroup;
			children = (
				90E89BE1283C6C0900BD2505 /* MenuItem.swift */,
				90E89BE3283C6C8D00BD2505 /* MenuItemStorage.swift */,
			);
			path = Models;
			sourceTree = "<group>";
		};
		90E89BED283C70B500BD2505 /* Utilities */ = {
			isa = PBXGroup;
			children = (
				90E89BEE283C70C600BD2505 /* CustomTextFieldStyle.swift */,
			);
			path = Utilities;
			sourceTree = "<group>";
		};
/* End PBXGroup section */

/* Begin PBXNativeTarget section */
		90E89BC2283C681A00BD2505 /* Fylo Landing Page With Two Column Layout (iOS) */ = {
			isa = PBXNativeTarget;
			buildConfigurationList = 90E89BD4283C681A00BD2505 /* Build configuration list for PBXNativeTarget "Fylo Landing Page With Two Column Layout (iOS)" */;
			buildPhases = (
				90E89BBF283C681A00BD2505 /* Sources */,
				90E89BC0283C681A00BD2505 /* Frameworks */,
				90E89BC1283C681A00BD2505 /* Resources */,
			);
			buildRules = (
			);
			dependencies = (
			);
			name = "Fylo Landing Page With Two Column Layout (iOS)";
			productName = "FyloLandingPageWithTwoColumnLayout (iOS)";
			productReference = 90E89BC3283C681A00BD2505 /* Fylo Landing Page With Two Column Layout.app */;
			productType = "com.apple.product-type.application";
		};
		90E89BC8283C681A00BD2505 /* Fylo Landing Page With Two Column Layout (macOS) */ = {
			isa = PBXNativeTarget;
			buildConfigurationList = 90E89BD7283C681A00BD2505 /* Build configuration list for PBXNativeTarget "Fylo Landing Page With Two Column Layout (macOS)" */;
			buildPhases = (
				90E89BC5283C681A00BD2505 /* Sources */,
				90E89BC6283C681A00BD2505 /* Frameworks */,
				90E89BC7283C681A00BD2505 /* Resources */,
			);
			buildRules = (
			);
			dependencies = (
			);
			name = "Fylo Landing Page With Two Column Layout (macOS)";
			productName = "FyloLandingPageWithTwoColumnLayout (macOS)";
			productReference = 90E89BC9283C681A00BD2505 /* Fylo Landing Page With Two Column Layout.app */;
			productType = "com.apple.product-type.application";
		};
/* End PBXNativeTarget section */

/* Begin PBXProject section */
		90E89BB7283C681800BD2505 /* Project object */ = {
			isa = PBXProject;
			attributes = {
				BuildIndependentTargetsInParallel = 1;
				LastSwiftUpdateCheck = 1330;
				LastUpgradeCheck = 1330;
				TargetAttributes = {
					90E89BC2283C681A00BD2505 = {
						CreatedOnToolsVersion = 13.3.1;
					};
					90E89BC8283C681A00BD2505 = {
						CreatedOnToolsVersion = 13.3.1;
					};
				};
			};
			buildConfigurationList = 90E89BBA283C681800BD2505 /* Build configuration list for PBXProject "Fylo Landing Page With Two Column Layout" */;
			compatibilityVersion = "Xcode 13.0";
			developmentRegion = en;
			hasScannedForEncodings = 0;
			knownRegions = (
				en,
				Base,
			);
			mainGroup = 90E89BB6283C681800BD2505;
			productRefGroup = 90E89BC4283C681A00BD2505 /* Products */;
			projectDirPath = "";
			projectRoot = "";
			targets = (
				90E89BC2283C681A00BD2505 /* Fylo Landing Page With Two Column Layout (iOS) */,
				90E89BC8283C681A00BD2505 /* Fylo Landing Page With Two Column Layout (macOS) */,
			);
		};
/* End PBXProject section */

/* Begin PBXResourcesBuildPhase section */
		90E89BC1283C681A00BD2505 /* Resources */ = {
			isa = PBXResourcesBuildPhase;
			buildActionMask = 2147483647;
			files = (
				90E89BD0283C681A00BD2505 /* Assets.xcassets in Resources */,
			);
			runOnlyForDeploymentPostprocessing = 0;
		};
		90E89BC7283C681A00BD2505 /* Resources */ = {
			isa = PBXResourcesBuildPhase;
			buildActionMask = 2147483647;
			files = (
				90E89BD1283C681A00BD2505 /* Assets.xcassets in Resources */,
			);
			runOnlyForDeploymentPostprocessing = 0;
		};
/* End PBXResourcesBuildPhase section */

/* Begin PBXSourcesBuildPhase section */
		90E89BBF283C681A00BD2505 /* Sources */ = {
			isa = PBXSourcesBuildPhase;
			buildActionMask = 2147483647;
			files = (
				90E89BCE283C681A00BD2505 /* ContentView.swift in Sources */,
				90E89BF1283C735900BD2505 /* FeatureIllustrationView.swift in Sources */,
				90E89BEF283C70C600BD2505 /* CustomTextFieldStyle.swift in Sources */,
				90E89BF5283C7E4D00BD2505 /* FeatureLinkView.swift in Sources */,
				90E89BE6283C6D5A00BD2505 /* NavigationMenuItemView.swift in Sources */,
				90E89BE8283C6EA500BD2505 /* HeroIllustrationView.swift in Sources */,
				90E89BF3283C73F000BD2505 /* FeatureTitleView.swift in Sources */,
				90E89BE4283C6C8D00BD2505 /* MenuItemStorage.swift in Sources */,
				90E89BEC283C6FDF00BD2505 /* HeroFormView.swift in Sources */,
				90E89BCC283C681A00BD2505 /* FyloLandingPageWithTwoColumnLayoutApp.swift in Sources */,
				90E89BEA283C6F1F00BD2505 /* HeroTitleView.swift in Sources */,
				90E89BDE283C6B8200BD2505 /* TopNavigationView.swift in Sources */,
				90E89BE0283C6BEB00BD2505 /* NavigationMenuView.swift in Sources */,
				90E89BE2283C6C0900BD2505 /* MenuItem.swift in Sources */,
			);
			runOnlyForDeploymentPostprocessing = 0;
		};
		90E89BC5283C681A00BD2505 /* Sources */ = {
			isa = PBXSourcesBuildPhase;
			buildActionMask = 2147483647;
			files = (
				90E89BCF283C681A00BD2505 /* ContentView.swift in Sources */,
				90E89BCD283C681A00BD2505 /* FyloLandingPageWithTwoColumnLayoutApp.swift in Sources */,
			);
			runOnlyForDeploymentPostprocessing = 0;
		};
/* End PBXSourcesBuildPhase section */

/* Begin XCBuildConfiguration section */
		90E89BD2283C681A00BD2505 /* Debug */ = {
			isa = XCBuildConfiguration;
			buildSettings = {
				ALWAYS_SEARCH_USER_PATHS = NO;
				CLANG_ANALYZER_NONNULL = YES;
				CLANG_ANALYZER_NUMBER_OBJECT_CONVERSION = YES_AGGRESSIVE;
				CLANG_CXX_LANGUAGE_STANDARD = "gnu++17";
				CLANG_ENABLE_MODULES = YES;
				CLANG_ENABLE_OBJC_ARC = YES;
				CLANG_ENABLE_OBJC_WEAK = YES;
				CLANG_WARN_BLOCK_CAPTURE_AUTORELEASING = YES;
				CLANG_WARN_BOOL_CONVERSION = YES;
				CLANG_WARN_COMMA = YES;
				CLANG_WARN_CONSTANT_CONVERSION = YES;
				CLANG_WARN_DEPRECATED_OBJC_IMPLEMENTATIONS = YES;
				CLANG_WARN_DIRECT_OBJC_ISA_USAGE = YES_ERROR;
				CLANG_WARN_DOCUMENTATION_COMMENTS = YES;
				CLANG_WARN_EMPTY_BODY = YES;
				CLANG_WARN_ENUM_CONVERSION = YES;
				CLANG_WARN_INFINITE_RECURSION = YES;
				CLANG_WARN_INT_CONVERSION = YES;
				CLANG_WARN_NON_LITERAL_NULL_CONVERSION = YES;
				CLANG_WARN_OBJC_IMPLICIT_RETAIN_SELF = YES;
				CLANG_WARN_OBJC_LITERAL_CONVERSION = YES;
				CLANG_WARN_OBJC_ROOT_CLASS = YES_ERROR;
				CLANG_WARN_QUOTED_INCLUDE_IN_FRAMEWORK_HEADER = YES;
				CLANG_WARN_RANGE_LOOP_ANALYSIS = YES;
				CLANG_WARN_STRICT_PROTOTYPES = YES;
				CLANG_WARN_SUSPICIOUS_MOVE = YES;
				CLANG_WARN_UNGUARDED_AVAILABILITY = YES_AGGRESSIVE;
				CLANG_WARN_UNREACHABLE_CODE = YES;
				CLANG_WARN__DUPLICATE_METHOD_MATCH = YES;
				COPY_PHASE_STRIP = NO;
				DEBUG_INFORMATION_FORMAT = dwarf;
				ENABLE_STRICT_OBJC_MSGSEND = YES;
				ENABLE_TESTABILITY = YES;
				GCC_C_LANGUAGE_STANDARD = gnu11;
				GCC_DYNAMIC_NO_PIC = NO;
				GCC_NO_COMMON_BLOCKS = YES;
				GCC_OPTIMIZATION_LEVEL = 0;
				GCC_PREPROCESSOR_DEFINITIONS = (
					"DEBUG=1",
					"$(inherited)",
				);
				GCC_WARN_64_TO_32_BIT_CONVERSION = YES;
				GCC_WARN_ABOUT_RETURN_TYPE = YES_ERROR;
				GCC_WARN_UNDECLARED_SELECTOR = YES;
				GCC_WARN_UNINITIALIZED_AUTOS = YES_AGGRESSIVE;
				GCC_WARN_UNUSED_FUNCTION = YES;
				GCC_WARN_UNUSED_VARIABLE = YES;
				IPHONEOS_DEPLOYMENT_TARGET = 15.4;
				MACOSX_DEPLOYMENT_TARGET = 12.3;
				MTL_ENABLE_DEBUG_INFO = INCLUDE_SOURCE;
				MTL_FAST_MATH = YES;
				ONLY_ACTIVE_ARCH = YES;
				SWIFT_ACTIVE_COMPILATION_CONDITIONS = DEBUG;
				SWIFT_OPTIMIZATION_LEVEL = "-Onone";
			};
			name = Debug;
		};
		90E89BD3283C681A00BD2505 /* Release */ = {
			isa = XCBuildConfiguration;
			buildSettings = {
				ALWAYS_SEARCH_USER_PATHS = NO;
				CLANG_ANALYZER_NONNULL = YES;
				CLANG_ANALYZER_NUMBER_OBJECT_CONVERSION = YES_AGGRESSIVE;
				CLANG_CXX_LANGUAGE_STANDARD = "gnu++17";
				CLANG_ENABLE_MODULES = YES;
				CLANG_ENABLE_OBJC_ARC = YES;
				CLANG_ENABLE_OBJC_WEAK = YES;
				CLANG_WARN_BLOCK_CAPTURE_AUTORELEASING = YES;
				CLANG_WARN_BOOL_CONVERSION = YES;
				CLANG_WARN_COMMA = YES;
				CLANG_WARN_CONSTANT_CONVERSION = YES;
				CLANG_WARN_DEPRECATED_OBJC_IMPLEMENTATIONS = YES;
				CLANG_WARN_DIRECT_OBJC_ISA_USAGE = YES_ERROR;
				CLANG_WARN_DOCUMENTATION_COMMENTS = YES;
				CLANG_WARN_EMPTY_BODY = YES;
				CLANG_WARN_ENUM_CONVERSION = YES;
				CLANG_WARN_INFINITE_RECURSION = YES;
				CLANG_WARN_INT_CONVERSION = YES;
				CLANG_WARN_NON_LITERAL_NULL_CONVERSION = YES;
				CLANG_WARN_OBJC_IMPLICIT_RETAIN_SELF = YES;
				CLANG_WARN_OBJC_LITERAL_CONVERSION = YES;
				CLANG_WARN_OBJC_ROOT_CLASS = YES_ERROR;
				CLANG_WARN_QUOTED_INCLUDE_IN_FRAMEWORK_HEADER = YES;
				CLANG_WARN_RANGE_LOOP_ANALYSIS = YES;
				CLANG_WARN_STRICT_PROTOTYPES = YES;
				CLANG_WARN_SUSPICIOUS_MOVE = YES;
				CLANG_WARN_UNGUARDED_AVAILABILITY = YES_AGGRESSIVE;
				CLANG_WARN_UNREACHABLE_CODE = YES;
				CLANG_WARN__DUPLICATE_METHOD_MATCH = YES;
				COPY_PHASE_STRIP = NO;
				DEBUG_INFORMATION_FORMAT = "dwarf-with-dsym";
				ENABLE_NS_ASSERTIONS = NO;
				ENABLE_STRICT_OBJC_MSGSEND = YES;
				GCC_C_LANGUAGE_STANDARD = gnu11;
				GCC_NO_COMMON_BLOCKS = YES;
				GCC_WARN_64_TO_32_BIT_CONVERSION = YES;
				GCC_WARN_ABOUT_RETURN_TYPE = YES_ERROR;
				GCC_WARN_UNDECLARED_SELECTOR = YES;
				GCC_WARN_UNINITIALIZED_AUTOS = YES_AGGRESSIVE;
				GCC_WARN_UNUSED_FUNCTION = YES;
				GCC_WARN_UNUSED_VARIABLE = YES;
				IPHONEOS_DEPLOYMENT_TARGET = 15.4;
				MACOSX_DEPLOYMENT_TARGET = 12.3;
				MTL_ENABLE_DEBUG_INFO = NO;
				MTL_FAST_MATH = YES;
				SWIFT_COMPILATION_MODE = wholemodule;
				SWIFT_OPTIMIZATION_LEVEL = "-O";
			};
			name = Release;
		};
		90E89BD5283C681A00BD2505 /* Debug */ = {
			isa = XCBuildConfiguration;
			buildSettings = {
				ASSETCATALOG_COMPILER_APPICON_NAME = AppIcon;
				ASSETCATALOG_COMPILER_GLOBAL_ACCENT_COLOR_NAME = AccentColor;
				CODE_SIGN_STYLE = Automatic;
				CURRENT_PROJECT_VERSION = 1;
				DEVELOPMENT_TEAM = 862P2X6G9G;
				ENABLE_PREVIEWS = YES;
				GENERATE_INFOPLIST_FILE = YES;
				INFOPLIST_KEY_UIApplicationSceneManifest_Generation = YES;
				INFOPLIST_KEY_UIApplicationSupportsIndirectInputEvents = YES;
				INFOPLIST_KEY_UILaunchScreen_Generation = YES;
				INFOPLIST_KEY_UISupportedInterfaceOrientations_iPad = "UIInterfaceOrientationPortrait UIInterfaceOrientationPortraitUpsideDown UIInterfaceOrientationLandscapeLeft UIInterfaceOrientationLandscapeRight";
				INFOPLIST_KEY_UISupportedInterfaceOrientations_iPhone = "UIInterfaceOrientationPortrait UIInterfaceOrientationLandscapeLeft UIInterfaceOrientationLandscapeRight";
				IPHONEOS_DEPLOYMENT_TARGET = 15.4;
				LD_RUNPATH_SEARCH_PATHS = (
					"$(inherited)",
					"@executable_path/Frameworks",
				);
				MARKETING_VERSION = 1.0;
				PRODUCT_BUNDLE_IDENTIFIER = me.jinwook.kim.FyloLandingPageWithTwoColumnLayout;
				PRODUCT_NAME = "Fylo Landing Page With Two Column Layout";
				SDKROOT = iphoneos;
				SWIFT_EMIT_LOC_STRINGS = YES;
				SWIFT_VERSION = 5.0;
				TARGETED_DEVICE_FAMILY = "1,2";
			};
			name = Debug;
		};
		90E89BD6283C681A00BD2505 /* Release */ = {
			isa = XCBuildConfiguration;
			buildSettings = {
				ASSETCATALOG_COMPILER_APPICON_NAME = AppIcon;
				ASSETCATALOG_COMPILER_GLOBAL_ACCENT_COLOR_NAME = AccentColor;
				CODE_SIGN_STYLE = Automatic;
				CURRENT_PROJECT_VERSION = 1;
				DEVELOPMENT_TEAM = 862P2X6G9G;
				ENABLE_PREVIEWS = YES;
				GENERATE_INFOPLIST_FILE = YES;
				INFOPLIST_KEY_UIApplicationSceneManifest_Generation = YES;
				INFOPLIST_KEY_UIApplicationSupportsIndirectInputEvents = YES;
				INFOPLIST_KEY_UILaunchScreen_Generation = YES;
				INFOPLIST_KEY_UISupportedInterfaceOrientations_iPad = "UIInterfaceOrientationPortrait UIInterfaceOrientationPortraitUpsideDown UIInterfaceOrientationLandscapeLeft UIInterfaceOrientationLandscapeRight";
				INFOPLIST_KEY_UISupportedInterfaceOrientations_iPhone = "UIInterfaceOrientationPortrait UIInterfaceOrientationLandscapeLeft UIInterfaceOrientationLandscapeRight";
				IPHONEOS_DEPLOYMENT_TARGET = 15.4;
				LD_RUNPATH_SEARCH_PATHS = (
					"$(inherited)",
					"@executable_path/Frameworks",
				);
				MARKETING_VERSION = 1.0;
				PRODUCT_BUNDLE_IDENTIFIER = me.jinwook.kim.FyloLandingPageWithTwoColumnLayout;
				PRODUCT_NAME = "Fylo Landing Page With Two Column Layout";
				SDKROOT = iphoneos;
				SWIFT_EMIT_LOC_STRINGS = YES;
				SWIFT_VERSION = 5.0;
				TARGETED_DEVICE_FAMILY = "1,2";
				VALIDATE_PRODUCT = YES;
			};
			name = Release;
		};
		90E89BD8283C681A00BD2505 /* Debug */ = {
			isa = XCBuildConfiguration;
			buildSettings = {
				ASSETCATALOG_COMPILER_APPICON_NAME = AppIcon;
				ASSETCATALOG_COMPILER_GLOBAL_ACCENT_COLOR_NAME = AccentColor;
				CODE_SIGN_ENTITLEMENTS = macOS/macOS.entitlements;
				CODE_SIGN_STYLE = Automatic;
				COMBINE_HIDPI_IMAGES = YES;
				CURRENT_PROJECT_VERSION = 1;
				DEVELOPMENT_TEAM = 862P2X6G9G;
				ENABLE_HARDENED_RUNTIME = YES;
				ENABLE_PREVIEWS = YES;
				GENERATE_INFOPLIST_FILE = YES;
				INFOPLIST_KEY_NSHumanReadableCopyright = "";
				LD_RUNPATH_SEARCH_PATHS = (
					"$(inherited)",
					"@executable_path/../Frameworks",
				);
				MACOSX_DEPLOYMENT_TARGET = 12.3;
				MARKETING_VERSION = 1.0;
				PRODUCT_BUNDLE_IDENTIFIER = me.jinwook.kim.FyloLandingPageWithTwoColumnLayout;
				PRODUCT_NAME = "Fylo Landing Page With Two Column Layout";
				SDKROOT = macosx;
				SWIFT_EMIT_LOC_STRINGS = YES;
				SWIFT_VERSION = 5.0;
			};
			name = Debug;
		};
		90E89BD9283C681A00BD2505 /* Release */ = {
			isa = XCBuildConfiguration;
			buildSettings = {
				ASSETCATALOG_COMPILER_APPICON_NAME = AppIcon;
				ASSETCATALOG_COMPILER_GLOBAL_ACCENT_COLOR_NAME = AccentColor;
				CODE_SIGN_ENTITLEMENTS = macOS/macOS.entitlements;
				CODE_SIGN_STYLE = Automatic;
				COMBINE_HIDPI_IMAGES = YES;
				CURRENT_PROJECT_VERSION = 1;
				DEVELOPMENT_TEAM = 862P2X6G9G;
				ENABLE_HARDENED_RUNTIME = YES;
				ENABLE_PREVIEWS = YES;
				GENERATE_INFOPLIST_FILE = YES;
				INFOPLIST_KEY_NSHumanReadableCopyright = "";
				LD_RUNPATH_SEARCH_PATHS = (
					"$(inherited)",
					"@executable_path/../Frameworks",
				);
				MACOSX_DEPLOYMENT_TARGET = 12.3;
				MARKETING_VERSION = 1.0;
				PRODUCT_BUNDLE_IDENTIFIER = me.jinwook.kim.FyloLandingPageWithTwoColumnLayout;
				PRODUCT_NAME = "Fylo Landing Page With Two Column Layout";
				SDKROOT = macosx;
				SWIFT_EMIT_LOC_STRINGS = YES;
				SWIFT_VERSION = 5.0;
			};
			name = Release;
		};
/* End XCBuildConfiguration section */

/* Begin XCConfigurationList section */
		90E89BBA283C681800BD2505 /* Build configuration list for PBXProject "Fylo Landing Page With Two Column Layout" */ = {
			isa = XCConfigurationList;
			buildConfigurations = (
				90E89BD2283C681A00BD2505 /* Debug */,
				90E89BD3283C681A00BD2505 /* Release */,
			);
			defaultConfigurationIsVisible = 0;
			defaultConfigurationName = Release;
		};
		90E89BD4283C681A00BD2505 /* Build configuration list for PBXNativeTarget "Fylo Landing Page With Two Column Layout (iOS)" */ = {
			isa = XCConfigurationList;
			buildConfigurations = (
				90E89BD5283C681A00BD2505 /* Debug */,
				90E89BD6283C681A00BD2505 /* Release */,
			);
			defaultConfigurationIsVisible = 0;
			defaultConfigurationName = Release;
		};
		90E89BD7283C681A00BD2505 /* Build configuration list for PBXNativeTarget "Fylo Landing Page With Two Column Layout (macOS)" */ = {
			isa = XCConfigurationList;
			buildConfigurations = (
				90E89BD8283C681A00BD2505 /* Debug */,
				90E89BD9283C681A00BD2505 /* Release */,
			);
			defaultConfigurationIsVisible = 0;
			defaultConfigurationName = Release;
		};
/* End XCConfigurationList section */
	};
	rootObject = 90E89BB7283C681800BD2505 /* Project object */;
}
